hash: e3b0c44298fc1c149afbf4c8996fb92427ae41e4649b934ca495991b7852b855
updated: 2015-12-16T17:42:48.849942181+09:00
imports:
- name: github.com/aws/aws-sdk-go
  version: 999b1591218c36d5050d1ba7266eba956e65965f
  subpackages:
  - aws
  - private/endpoints
  - private/protocol/json/jsonutil
  - private/protocol/jsonrpc
  - private/protocol/query
  - private/protocol/rest
  - private/protocol/xml/xmlutil
  - private/signer/v4
  - private/waiter
  - service/autoscaling
  - service/ecs
  - service/elb
  - service/sns
- name: github.com/codegangsta/cli
  version: 565493f259bf868adb54d45d5f4c68d405117adf
- name: github.com/davecgh/go-spew
  version: 5215b55f46b2b919f50a1df0eaa5886afe4e3b3d
- name: github.com/go-ini/ini
  version: ""
- name: github.com/golang/protobuf
  version: 68415e7123da32b07eab49c96d2c4d6158360e9b
- name: github.com/jmespath/go-jmespath
  version: 53d419364047eb08a64c29471db23c60ea585b85
- name: github.com/lsegal/gucumber
  version: e8116c9c66e641e9f81fc0a79fac923dfc646378
- name: github.com/mattn/go-shellwords
  version: f4e566c536cf69158e808ec28ef4182a37fdc981
- name: github.com/naoina/go-stringutil
  version: 360db0db4b01d34e12a2ec042c09e7d37fece761
- name: github.com/pmezard/go-difflib
  version: e8554b8641db39598be7f6342874b958f12ae1d4
- name: github.com/shiena/ansicolor
  version: a422bbe96644373c5753384a59d678f7d261ff10
- name: github.com/Sirupsen/logrus
  version: 446d1c146faa8ed3f4218f056fcd165f6bcfda81
- name: github.com/stormcat24/ecs-formation
  version: 000e9dd12c0463331ba7901bc4fdb6d87e539081
- name: github.com/str1ngs/ansi
  version: 5dc1bc5ac1f5bcbf5bd4818dd27ef912beb4bb7c
  subpackages:
  - color
- name: github.com/stretchr/objx
  version: 1a9d0bb9f541897e62256577b352fdbc1fb4fd94
- name: github.com/stretchr/testify
  version: e3a8ff8ce36581f87a15341206f205b1da467059
- name: golang.org/x/crypto
  version: f18420efc3b4f8e9f3d51f6bd2476e92c46260e9
- name: golang.org/x/net
  version: 548f7bf20c8aae87fecd9aa09cc89065451e6271
- name: golang.org/x/sys
  version: 833a04a10549a95dc34458c195cbad61bbb6cb4d
  subpackages:
  - unix
- name: golang.org/x/text
  version: 92ca7bbb695e2e9675f1d731fa85760f95d2c0df
- name: golang.org/x/tools
  version: 1cdaff4a02c554c9fb39dda0b56241c5f0949d91
- name: google.golang.org/appengine
  version: ea2803184885858bb094b58ddeac06b3675b9994
- name: gopkg.in/airbrake/gobrake.v2
  version: c9d51adc624b5cc4c1bf8de730a09af4878ffe2d
- name: gopkg.in/gemnasium/logrus-airbrake-hook.v2
  version: 31e6fd4bd5a98d8ee7673d24bc54ec73c31810dd
- name: gopkg.in/yaml.v2
  version: 7ad95dd0798a40da1ccdff6dff35fd177b5edf40
devImports: []
