hash: 5db48cac807c51b2daa6e4d0be15df8617d14568177767d724c53b699e2da26d
updated: 2016-08-26T19:32:17.581002593+09:00
imports:
- name: github.com/apex/log
  version: 8eba30e442954605fd2e1a542912d5b5e16cab13
- name: github.com/aws/aws-sdk-go
  version: 41d27747f314ab5d608a470e23f1d92bd5249b0c
  subpackages:
  - aws
  - aws/awsutil
  - aws/credentials
  - aws/credentials/ec2rolecreds
  - aws/session
  - service/autoscaling
  - service/applicationautoscaling
  - service/ecs
  - service/elb
  - service/elbv2
  - service/sns
  - aws/ec2metadata
  - service/s3
  - aws/awserr
  - aws/client
  - aws/client/metadata
  - aws/request
  - aws/corehandlers
  - aws/credentials/stscreds
  - aws/defaults
  - private/endpoints
  - aws/signer/v4
  - private/protocol/query
  - private/protocol/jsonrpc
  - private/protocol
  - private/waiter
  - private/protocol/restxml
  - service/sts
  - aws/credentials/endpointcreds
  - private/protocol/rest
  - private/protocol/query/queryutil
  - private/protocol/xml/xmlutil
  - private/protocol/json/jsonutil
- name: github.com/fatih/color
  version: 87d4004f2ab62d0d255e0a38f1680aa534549fe3
- name: github.com/fsnotify/fsnotify
  version: f12c6236fe7b5cf6bcf30e5935d08cb079d78334
- name: github.com/hashicorp/hcl
  version: baeb59c710717b06aac1dbe2270e8192ec593244
  subpackages:
  - hcl/ast
  - hcl/parser
  - hcl/token
  - json/parser
  - hcl/scanner
  - hcl/strconv
  - json/scanner
  - json/token
- name: github.com/inconshreveable/mousetrap
  version: 76626ae9c91c4f2a10f34cad8ce83ea42c93bb75
- name: github.com/jmespath/go-jmespath
  version: bd40a432e4c76585ef6b72d3fd96fb9b6dc7b68d
- name: github.com/joho/godotenv
  version: 4ed13390c0acd2ff4e371e64d8b97c8954138243
- name: github.com/kr/fs
  version: 2788f0dbd16903de03cb8186e5c7d97b69ad387b
- name: github.com/magiconair/properties
  version: 61b492c03cf472e0c6419be5899b8e0dc28b1b88
- name: github.com/mattn/go-colorable
  version: ed8eb9e318d7a84ce5915b495b7d35e0cfe7b5a8
- name: github.com/mattn/go-isatty
  version: 66b8e73f3f5cda9f96b69efd03dd3d7fc4a5cdb8
- name: github.com/mattn/go-shellwords
  version: 525bedee691b5a8df547cb5cf9f86b7fb1883e24
- name: github.com/mitchellh/mapstructure
  version: ca63d7c062ee3c9f34db231e352b60012b4fd0c1
- name: github.com/naoina/go-stringutil
  version: 6b638e95a32d0c1131db0e7fe83775cbea4a0d0b
- name: github.com/pelletier/go-buffruneio
  version: df1e16fde7fc330a0ca68167c23bf7ed6ac31d6d
- name: github.com/pelletier/go-toml
  version: 5a62685873ef617233ab5f1b825a6e4a758e16cf
- name: github.com/pkg/errors
  version: 17b591df37844cde689f4d5813e5cea0927d8dd2
- name: github.com/pkg/sftp
  version: a71e8f580e3b622ebff585309160b1cc549ef4d2
- name: github.com/Sirupsen/logrus
  version: 08a8a7c27e3d058a8989316a850daad1c10bf4ab
- name: github.com/spf13/afero
  version: 20500e2abd0d1f4564a499e83d11d6c73cd58c27
  subpackages:
  - mem
  - sftp
- name: github.com/spf13/cast
  version: e31f36ffc91a2ba9ddb72a4b6a607ff9b3d3cb63
- name: github.com/spf13/cobra
  version: 37c3f8060359192150945916cbc2d72bce804b4d
- name: github.com/spf13/jwalterweatherman
  version: 33c24e77fb80341fe7130ee7c594256ff08ccc46
- name: github.com/spf13/pflag
  version: 103ce5cd2042f2fe629c1957abb64ab3e7f50235
- name: github.com/spf13/viper
  version: 7fb2782df3d83e0036cc89f461ed0422628776f4
- name: github.com/str1ngs/ansi
  version: 5dc1bc5ac1f5bcbf5bd4818dd27ef912beb4bb7c
  subpackages:
  - color
- name: golang.org/x/crypto
  version: 351dc6a5bf92a5f2ae22fadeee08eb6a45aa2d93
  subpackages:
  - ssh
  - curve25519
  - ed25519
  - ed25519/internal/edwards25519
- name: golang.org/x/sys
  version: a646d33e2ee3172a661fc09bca23bb4889a41bc8
  subpackages:
  - unix
- name: golang.org/x/text
  version: d69c40b4be55797923cec7457fac7a244d91a9b6
  subpackages:
  - transform
  - unicode/norm
- name: gopkg.in/yaml.v2
  version: e4d366fc3c7938e2958e662b4258c7a89e1f0e3e
testImports:
- name: github.com/stretchr/testify
  version: d77da356e56a7428ad25149ca77381849a6a5232
  subpackages:
  - assert
  - require
  - mock
